<?xml version="1.0" encoding="utf-8"?>
<Project ToolsVersion="4.0" xmlns="http://schemas.microsoft.com/developer/msbuild/2003">
  <ItemGroup>
    <Filter Include="Resource">
      <UniqueIdentifier>{012616d5-db02-49f5-a2e8-37c67c9eb092}</UniqueIdentifier>
    </Filter>
    <Filter Include="00 ClientCore">
      <UniqueIdentifier>{23304777-bf8d-453c-af3a-34f9e781716d}</UniqueIdentifier>
    </Filter>
    <Filter Include="01 Main">
      <UniqueIdentifier>{c1b68bff-187e-475f-b648-1db89ebe0b47}</UniqueIdentifier>
    </Filter>
    <Filter Include="02 UserCom">
      <UniqueIdentifier>{82c0723a-4180-4985-b3f5-7467050659b7}</UniqueIdentifier>
    </Filter>
  </ItemGroup>
  <ItemGroup>
    <ClCompile Include="Main.cpp">
      <Filter>00 ClientCore</Filter>
    </ClCompile>
    <ClCompile Include="MainScene.cpp">
      <Filter>01 Main</Filter>
    </ClCompile>
    <ClCompile Include="Player.cpp">
      <Filter>02 UserCom</Filter>
    </ClCompile>
  </ItemGroup>
  <ItemGroup>
    <ClInclude Include="resource.h">
      <Filter>Resource</Filter>
    </ClInclude>
    <ClInclude Include="MainScene.h">
      <Filter>01 Main</Filter>
    </ClInclude>
    <ClInclude Include="Player.h">
      <Filter>02 UserCom</Filter>
    </ClInclude>
  </ItemGroup>
  <ItemGroup>
    <ResourceCompile Include="AIMClient.rc">
      <Filter>Resource</Filter>
    </ResourceCompile>
  </ItemGroup>
  <ItemGroup>
    <Image Include="icon1.ico">
      <Filter>Resource</Filter>
    </Image>
  </ItemGroup>
  <ItemGroup>
    <Text Include="V.txt" />
  </ItemGroup>
</Project>