<?xml version="1.0" encoding="utf-8"?>
<Project ToolsVersion="4.0" xmlns="http://schemas.microsoft.com/developer/msbuild/2003">
  <ItemGroup>
    <Filter Include="01 Core">
      <UniqueIdentifier>{584c4d67-8226-4a3f-b0d7-a23cb79ec650}</UniqueIdentifier>
    </Filter>
    <Filter Include="02 Device">
      <UniqueIdentifier>{c1c28859-3712-4a3d-ad2f-c34072f390b5}</UniqueIdentifier>
    </Filter>
    <Filter Include="03 Resource">
      <UniqueIdentifier>{2444be78-6a9a-46b9-8c82-fd03d2db1963}</UniqueIdentifier>
    </Filter>
    <Filter Include="03 Resource\01 Resource">
      <UniqueIdentifier>{9ded3521-815d-43b0-93b1-2ed6095c509b}</UniqueIdentifier>
    </Filter>
    <Filter Include="03 Resource\01 Resource\01 Mesh">
      <UniqueIdentifier>{5f6c4fda-ec2c-4694-b711-b1c186566baf}</UniqueIdentifier>
    </Filter>
    <Filter Include="03 Resource\01 Resource\02 Shader">
      <UniqueIdentifier>{d8051a9a-587f-45ce-a045-d047f152eb0b}</UniqueIdentifier>
    </Filter>
    <Filter Include="04 Manager">
      <UniqueIdentifier>{a144cbba-c252-48a5-a885-09c6c163228c}</UniqueIdentifier>
    </Filter>
    <Filter Include="99 Header">
      <UniqueIdentifier>{f40abfc4-6b7d-4c64-8968-03837b6cbfd9}</UniqueIdentifier>
    </Filter>
    <Filter Include="03 Resource\01 Resource\03 Texture">
      <UniqueIdentifier>{8a99b642-769f-40c6-842d-861fae55877a}</UniqueIdentifier>
    </Filter>
    <Filter Include="03 Resource\01 Resource\04 Sampler">
      <UniqueIdentifier>{fccfb224-c335-43b9-8d96-e23d443dfdf2}</UniqueIdentifier>
    </Filter>
    <Filter Include="02 Device\01 Render">
      <UniqueIdentifier>{b120e65e-aabc-443c-8d5e-8c6d3512c90f}</UniqueIdentifier>
    </Filter>
    <Filter Include="02 Device\02 Scene">
      <UniqueIdentifier>{dd547995-58ea-4bf2-b6ef-2fefbb1fdfde}</UniqueIdentifier>
    </Filter>
    <Filter Include="05 Object">
      <UniqueIdentifier>{5cb988f0-ed2d-4df2-a6e3-19075de5d123}</UniqueIdentifier>
    </Filter>
    <Filter Include="05 Object\01 Component">
      <UniqueIdentifier>{654f0c20-53fc-4c34-b054-76445f092a70}</UniqueIdentifier>
    </Filter>
    <Filter Include="05 Object\01 Component\01 Renderer">
      <UniqueIdentifier>{f4bb9c80-c69f-4ea4-aa15-a26187cc32f4}</UniqueIdentifier>
    </Filter>
    <Filter Include="05 Object\01 Component\02 Transform">
      <UniqueIdentifier>{bceaab67-7737-42c3-9c31-d8d35092158d}</UniqueIdentifier>
    </Filter>
    <Filter Include="05 Object\01 Component\03 User">
      <UniqueIdentifier>{0d0acd09-c942-4785-8cdf-b87fef75ca9d}</UniqueIdentifier>
    </Filter>
    <Filter Include="05 Object\01 Component\04 Camera">
      <UniqueIdentifier>{006a8802-d515-48e9-b3a0-f0da1248f587}</UniqueIdentifier>
    </Filter>
    <Filter Include="05 Object\01 Component\05 Material">
      <UniqueIdentifier>{8dc5e699-6c43-427c-aa20-0c2f0e5041fb}</UniqueIdentifier>
    </Filter>
    <Filter Include="02 Device\01 Render\01 State">
      <UniqueIdentifier>{440e7508-ea88-4af9-9982-173566c5c0ef}</UniqueIdentifier>
    </Filter>
    <Filter Include="02 Device\01 Render\01 State\01 Blend">
      <UniqueIdentifier>{3fc8809a-6a72-4c8d-86f9-5bf62a51bce0}</UniqueIdentifier>
    </Filter>
    <Filter Include="02 Device\01 Render\01 State\02 Depth">
      <UniqueIdentifier>{5381fab1-c54d-4674-9aed-f05c765cbeb5}</UniqueIdentifier>
    </Filter>
    <Filter Include="02 Device\01 Render\01 State\03 Rasterizer">
      <UniqueIdentifier>{ddaefb7e-c3dc-4dc5-b99d-8f11c0055251}</UniqueIdentifier>
    </Filter>
    <Filter Include="05 Object\01 Component\06 Light">
      <UniqueIdentifier>{3abead1c-bb28-45c4-909e-e7b12e4d50bc}</UniqueIdentifier>
    </Filter>
    <Filter Include="02 Device\01 Render\02 Target">
      <UniqueIdentifier>{3c5603ba-9968-43dd-86fe-2a03780d0c86}</UniqueIdentifier>
    </Filter>
    <Filter Include="03 Resource\01 Resource\05 fbx">
      <UniqueIdentifier>{c1cded58-e5fc-4bd3-bcd5-0511a12268a6}</UniqueIdentifier>
    </Filter>
    <Filter Include="03 Resource\01 Resource\05 fbx\01 Fbxloader">
      <UniqueIdentifier>{67a055d1-214b-4893-ae47-f11326a3f3f2}</UniqueIdentifier>
    </Filter>
    <Filter Include="05 Object\01 Component\07 Animation">
      <UniqueIdentifier>{d23d514c-8ad1-46a6-b6e0-f8a6477197b0}</UniqueIdentifier>
    </Filter>
    <Filter Include="02 Device\03 Collision">
      <UniqueIdentifier>{c0abbd1a-2697-4f88-b791-303b0b983bc4}</UniqueIdentifier>
    </Filter>
    <Filter Include="05 Object\01 Component\08 Collider">
      <UniqueIdentifier>{381d967f-95d1-4ce3-8de6-f797d7e4e354}</UniqueIdentifier>
    </Filter>
    <Filter Include="05 Object\01 Component\08 Collider\Sub">
      <UniqueIdentifier>{bf6c58b9-2f04-41f1-a985-6fd60b184615}</UniqueIdentifier>
    </Filter>
    <Filter Include="05 Object\01 Component\09 Particle">
      <UniqueIdentifier>{40150433-ea19-4c9e-bff9-45d7671136f5}</UniqueIdentifier>
    </Filter>
    <Filter Include="05 Object\01 Component\10 FrameAnimation">
      <UniqueIdentifier>{0603700e-d08f-4efb-ac67-b0bd2e5ab63a}</UniqueIdentifier>
    </Filter>
    <Filter Include="05 Object\01 Component\11 LandScape">
      <UniqueIdentifier>{a51bf5c7-8d47-4061-a5f8-65109bd24c58}</UniqueIdentifier>
    </Filter>
    <Filter Include="05 Object\01 Component\12 Arm">
      <UniqueIdentifier>{486a71ac-04bf-40cb-9881-fe04d2d2fda8}</UniqueIdentifier>
    </Filter>
    <Filter Include="06 Navigation">
      <UniqueIdentifier>{8dee7306-8c34-4744-bc4e-ebd7a75ae007}</UniqueIdentifier>
    </Filter>
    <Filter Include="06 Navigation\01 Mesh">
      <UniqueIdentifier>{066accc8-df6a-49e7-8145-226cabd56726}</UniqueIdentifier>
    </Filter>
    <Filter Include="06 Navigation\02 NaviCom">
      <UniqueIdentifier>{2cb3f482-0d9e-42d5-b5af-c56e8eb70c7c}</UniqueIdentifier>
    </Filter>
    <Filter Include="05 Object\01 Component\13 UI">
      <UniqueIdentifier>{9b02683e-6747-49d0-9179-a9523a8ac3ab}</UniqueIdentifier>
    </Filter>
    <Filter Include="05 Object\01 Component\14 Text">
      <UniqueIdentifier>{42993c76-ff66-445c-8e50-d64e2a7d7a8f}</UniqueIdentifier>
    </Filter>
    <Filter Include="05 Object\01 Component\04 Camera\01 Frustrum">
      <UniqueIdentifier>{7f860546-3713-4c02-b363-f4bd764d501d}</UniqueIdentifier>
    </Filter>
    <Filter Include="05 Object\01 Component\15 Sound">
      <UniqueIdentifier>{2509bacf-fcf0-40fb-8e67-71db1c10f734}</UniqueIdentifier>
    </Filter>
  </ItemGroup>
  <ItemGroup>
    <ClInclude Include="Core.h">
      <Filter>01 Core</Filter>
    </ClInclude>
    <ClInclude Include="EngineHeader.h">
      <Filter>99 Header</Filter>
    </ClInclude>
    <ClInclude Include="Struct.h">
      <Filter>99 Header</Filter>
    </ClInclude>
    <ClInclude Include="Macro.h">
      <Filter>99 Header</Filter>
    </ClInclude>
    <ClInclude Include="Vec4.h">
      <Filter>99 Header</Filter>
    </ClInclude>
    <ClInclude Include="EngineMath.h">
      <Filter>99 Header</Filter>
    </ClInclude>
    <ClInclude Include="Vec3.h">
      <Filter>99 Header</Filter>
    </ClInclude>
    <ClInclude Include="Vec2.h">
      <Filter>99 Header</Filter>
    </ClInclude>
    <ClInclude Include="Matrix.h">
      <Filter>99 Header</Filter>
    </ClInclude>
    <ClInclude Include="RefCounter.h">
      <Filter>99 Header</Filter>
    </ClInclude>
    <ClInclude Include="ResourceManager.h">
      <Filter>03 Resource</Filter>
    </ClInclude>
    <ClInclude Include="AIMDevice.h">
      <Filter>02 Device</Filter>
    </ClInclude>
    <ClInclude Include="AIMMesh.h">
      <Filter>03 Resource\01 Resource\01 Mesh</Filter>
    </ClInclude>
    <ClInclude Include="AIMShader.h">
      <Filter>03 Resource\01 Resource\02 Shader</Filter>
    </ClInclude>
    <ClInclude Include="ShaderManager.h">
      <Filter>03 Resource\01 Resource\02 Shader</Filter>
    </ClInclude>
    <ClInclude Include="Flag.h">
      <Filter>99 Header</Filter>
    </ClInclude>
    <ClInclude Include="PathManager.h">
      <Filter>04 Manager</Filter>
    </ClInclude>
    <ClInclude Include="TimeManager.h">
      <Filter>04 Manager</Filter>
    </ClInclude>
    <ClInclude Include="Timer.h">
      <Filter>04 Manager</Filter>
    </ClInclude>
    <ClInclude Include="AIMObject.h">
      <Filter>05 Object</Filter>
    </ClInclude>
    <ClInclude Include="AIMComponent.h">
      <Filter>05 Object\01 Component</Filter>
    </ClInclude>
    <ClInclude Include="AIMRenderer.h">
      <Filter>05 Object\01 Component\01 Renderer</Filter>
    </ClInclude>
    <ClInclude Include="AIMTransform.h">
      <Filter>05 Object\01 Component\02 Transform</Filter>
    </ClInclude>
    <ClInclude Include="RefStruct.h">
      <Filter>99 Header</Filter>
    </ClInclude>
    <ClInclude Include="InputManager.h">
      <Filter>04 Manager</Filter>
    </ClInclude>
    <ClInclude Include="UserComponent.h">
      <Filter>05 Object\01 Component\03 User</Filter>
    </ClInclude>
    <ClInclude Include="AIMCamera.h">
      <Filter>05 Object\01 Component\04 Camera</Filter>
    </ClInclude>
    <ClInclude Include="AIMTexture.h">
      <Filter>03 Resource\01 Resource\03 Texture</Filter>
    </ClInclude>
    <ClInclude Include="DirectXTex.h">
      <Filter>99 Header</Filter>
    </ClInclude>
    <ClInclude Include="AIMSampler.h">
      <Filter>03 Resource\01 Resource\04 Sampler</Filter>
    </ClInclude>
    <ClInclude Include="AIMMaterial.h">
      <Filter>05 Object\01 Component\05 Material</Filter>
    </ClInclude>
    <ClInclude Include="AIMLayer.h">
      <Filter>02 Device\02 Scene</Filter>
    </ClInclude>
    <ClInclude Include="AIMScene.h">
      <Filter>02 Device\02 Scene</Filter>
    </ClInclude>
    <ClInclude Include="SceneComponent.h">
      <Filter>02 Device\02 Scene</Filter>
    </ClInclude>
    <ClInclude Include="SceneManager.h">
      <Filter>02 Device\02 Scene</Filter>
    </ClInclude>
    <ClInclude Include="RenderManager.h">
      <Filter>02 Device\01 Render</Filter>
    </ClInclude>
    <ClInclude Include="RenderState.h">
      <Filter>02 Device\01 Render\01 State</Filter>
    </ClInclude>
    <ClInclude Include="BlendState.h">
      <Filter>02 Device\01 Render\01 State\01 Blend</Filter>
    </ClInclude>
    <ClInclude Include="DepthStencilState.h">
      <Filter>02 Device\01 Render\01 State\02 Depth</Filter>
    </ClInclude>
    <ClInclude Include="RasterizerState.h">
      <Filter>02 Device\01 Render\01 State\03 Rasterizer</Filter>
    </ClInclude>
    <ClInclude Include="AIMLight.h">
      <Filter>05 Object\01 Component\06 Light</Filter>
    </ClInclude>
    <ClInclude Include="RenderTarget.h">
      <Filter>02 Device\01 Render\02 Target</Filter>
    </ClInclude>
    <ClInclude Include="FbxLoader.h">
      <Filter>03 Resource\01 Resource\05 fbx\01 Fbxloader</Filter>
    </ClInclude>
    <ClInclude Include="AIMAnimation.h">
      <Filter>05 Object\01 Component\07 Animation</Filter>
    </ClInclude>
    <ClInclude Include="CollisionManager.h">
      <Filter>02 Device\03 Collision</Filter>
    </ClInclude>
    <ClInclude Include="AIMCollider.h">
      <Filter>05 Object\01 Component\08 Collider</Filter>
    </ClInclude>
    <ClInclude Include="AIMColliderAABB.h">
      <Filter>05 Object\01 Component\08 Collider\Sub</Filter>
    </ClInclude>
    <ClInclude Include="AIMColliderCapsule.h">
      <Filter>05 Object\01 Component\08 Collider\Sub</Filter>
    </ClInclude>
    <ClInclude Include="AIMColliderOBB.h">
      <Filter>05 Object\01 Component\08 Collider\Sub</Filter>
    </ClInclude>
    <ClInclude Include="AIMColliderPoint.h">
      <Filter>05 Object\01 Component\08 Collider\Sub</Filter>
    </ClInclude>
    <ClInclude Include="AIMColliderRay.h">
      <Filter>05 Object\01 Component\08 Collider\Sub</Filter>
    </ClInclude>
    <ClInclude Include="AIMColliderSphere.h">
      <Filter>05 Object\01 Component\08 Collider\Sub</Filter>
    </ClInclude>
    <ClInclude Include="AIMParticle.h">
      <Filter>05 Object\01 Component\09 Particle</Filter>
    </ClInclude>
    <ClInclude Include="AIMFrameAnimation.h">
      <Filter>05 Object\01 Component\10 FrameAnimation</Filter>
    </ClInclude>
    <ClInclude Include="AIMLandScape.h">
      <Filter>05 Object\01 Component\11 LandScape</Filter>
    </ClInclude>
    <ClInclude Include="AIMArm.h">
      <Filter>05 Object\01 Component\12 Arm</Filter>
    </ClInclude>
    <ClInclude Include="NavigationManager.h">
      <Filter>06 Navigation</Filter>
    </ClInclude>
    <ClInclude Include="NavigationMesh.h">
      <Filter>06 Navigation\01 Mesh</Filter>
    </ClInclude>
    <ClInclude Include="AIMNavigation.h">
      <Filter>06 Navigation\02 NaviCom</Filter>
    </ClInclude>
    <ClInclude Include="Heap.h">
      <Filter>99 Header</Filter>
    </ClInclude>
    <ClInclude Include="AIMUI.h">
      <Filter>05 Object\01 Component\13 UI</Filter>
    </ClInclude>
    <ClInclude Include="AIMUIButton.h">
      <Filter>05 Object\01 Component\13 UI</Filter>
    </ClInclude>
    <ClInclude Include="FontManager.h">
      <Filter>04 Manager</Filter>
    </ClInclude>
    <ClInclude Include="AIMText.h">
      <Filter>05 Object\01 Component\14 Text</Filter>
    </ClInclude>
    <ClInclude Include="AIMSerialNumber.h">
      <Filter>99 Header</Filter>
    </ClInclude>
    <ClInclude Include="SoundManager.h">
      <Filter>04 Manager</Filter>
    </ClInclude>
    <ClInclude Include="AIMSound.h">
      <Filter>05 Object\01 Component\15 Sound</Filter>
    </ClInclude>
    <ClInclude Include="AIMFrustrum.h">
      <Filter>05 Object\01 Component\04 Camera\01 Frustrum</Filter>
    </ClInclude>
  </ItemGroup>
  <ItemGroup>
    <ClCompile Include="Core.cpp">
      <Filter>01 Core</Filter>
    </ClCompile>
    <ClCompile Include="Vec4.cpp">
      <Filter>99 Header</Filter>
    </ClCompile>
    <ClCompile Include="Vec3.cpp">
      <Filter>99 Header</Filter>
    </ClCompile>
    <ClCompile Include="Vec2.cpp">
      <Filter>99 Header</Filter>
    </ClCompile>
    <ClCompile Include="Matrix.cpp">
      <Filter>99 Header</Filter>
    </ClCompile>
    <ClCompile Include="RefCounter.cpp">
      <Filter>99 Header</Filter>
    </ClCompile>
    <ClCompile Include="ResourceManager.cpp">
      <Filter>03 Resource</Filter>
    </ClCompile>
    <ClCompile Include="AIMDevice.cpp">
      <Filter>02 Device</Filter>
    </ClCompile>
    <ClCompile Include="AIMMesh.cpp">
      <Filter>03 Resource\01 Resource\01 Mesh</Filter>
    </ClCompile>
    <ClCompile Include="AIMShader.cpp">
      <Filter>03 Resource\01 Resource\02 Shader</Filter>
    </ClCompile>
    <ClCompile Include="ShaderManager.cpp">
      <Filter>03 Resource\01 Resource\02 Shader</Filter>
    </ClCompile>
    <ClCompile Include="PathManager.cpp">
      <Filter>04 Manager</Filter>
    </ClCompile>
    <ClCompile Include="TimeManager.cpp">
      <Filter>04 Manager</Filter>
    </ClCompile>
    <ClCompile Include="Timer.cpp">
      <Filter>04 Manager</Filter>
    </ClCompile>
    <ClCompile Include="AIMObject.cpp">
      <Filter>05 Object</Filter>
    </ClCompile>
    <ClCompile Include="AIMComponent.cpp">
      <Filter>05 Object\01 Component</Filter>
    </ClCompile>
    <ClCompile Include="AIMRenderer.cpp">
      <Filter>05 Object\01 Component\01 Renderer</Filter>
    </ClCompile>
    <ClCompile Include="AIMTransform.cpp">
      <Filter>05 Object\01 Component\02 Transform</Filter>
    </ClCompile>
    <ClCompile Include="InputManager.cpp">
      <Filter>04 Manager</Filter>
    </ClCompile>
    <ClCompile Include="UserComponent.cpp">
      <Filter>05 Object\01 Component\03 User</Filter>
    </ClCompile>
    <ClCompile Include="AIMCamera.cpp">
      <Filter>05 Object\01 Component\04 Camera</Filter>
    </ClCompile>
    <ClCompile Include="AIMTexture.cpp">
      <Filter>03 Resource\01 Resource\03 Texture</Filter>
    </ClCompile>
    <ClCompile Include="AIMSampler.cpp">
      <Filter>03 Resource\01 Resource\04 Sampler</Filter>
    </ClCompile>
    <ClCompile Include="AIMMaterial.cpp">
      <Filter>05 Object\01 Component\05 Material</Filter>
    </ClCompile>
    <ClCompile Include="AIMLayer.cpp">
      <Filter>02 Device\02 Scene</Filter>
    </ClCompile>
    <ClCompile Include="AIMScene.cpp">
      <Filter>02 Device\02 Scene</Filter>
    </ClCompile>
    <ClCompile Include="SceneComponent.cpp">
      <Filter>02 Device\02 Scene</Filter>
    </ClCompile>
    <ClCompile Include="SceneManager.cpp">
      <Filter>02 Device\02 Scene</Filter>
    </ClCompile>
    <ClCompile Include="RenderManager.cpp">
      <Filter>02 Device\01 Render</Filter>
    </ClCompile>
    <ClCompile Include="RenderState.cpp">
      <Filter>02 Device\01 Render\01 State</Filter>
    </ClCompile>
    <ClCompile Include="BlendState.cpp">
      <Filter>02 Device\01 Render\01 State\01 Blend</Filter>
    </ClCompile>
    <ClCompile Include="DepthStencilState.cpp">
      <Filter>02 Device\01 Render\01 State\02 Depth</Filter>
    </ClCompile>
    <ClCompile Include="RasterizerState.cpp">
      <Filter>02 Device\01 Render\01 State\03 Rasterizer</Filter>
    </ClCompile>
    <ClCompile Include="AIMLight.cpp">
      <Filter>05 Object\01 Component\06 Light</Filter>
    </ClCompile>
    <ClCompile Include="RenderTarget.cpp">
      <Filter>02 Device\01 Render\02 Target</Filter>
    </ClCompile>
    <ClCompile Include="FbxLoader.cpp">
      <Filter>03 Resource\01 Resource\05 fbx\01 Fbxloader</Filter>
    </ClCompile>
    <ClCompile Include="AIMAnimation.cpp">
      <Filter>05 Object\01 Component\07 Animation</Filter>
    </ClCompile>
    <ClCompile Include="CollisionManager.cpp">
      <Filter>02 Device\03 Collision</Filter>
    </ClCompile>
    <ClCompile Include="AIMCollider.cpp">
      <Filter>05 Object\01 Component\08 Collider</Filter>
    </ClCompile>
    <ClCompile Include="AIMColliderAABB.cpp">
      <Filter>05 Object\01 Component\08 Collider\Sub</Filter>
    </ClCompile>
    <ClCompile Include="AIMColliderCapsule.cpp">
      <Filter>05 Object\01 Component\08 Collider\Sub</Filter>
    </ClCompile>
    <ClCompile Include="AIMColliderOBB.cpp">
      <Filter>05 Object\01 Component\08 Collider\Sub</Filter>
    </ClCompile>
    <ClCompile Include="AIMColliderPoint.cpp">
      <Filter>05 Object\01 Component\08 Collider\Sub</Filter>
    </ClCompile>
    <ClCompile Include="AIMColliderRay.cpp">
      <Filter>05 Object\01 Component\08 Collider\Sub</Filter>
    </ClCompile>
    <ClCompile Include="AIMColliderSphere.cpp">
      <Filter>05 Object\01 Component\08 Collider\Sub</Filter>
    </ClCompile>
    <ClCompile Include="AIMParticle.cpp">
      <Filter>05 Object\01 Component\09 Particle</Filter>
    </ClCompile>
    <ClCompile Include="AIMFrameAnimation.cpp">
      <Filter>05 Object\01 Component\10 FrameAnimation</Filter>
    </ClCompile>
    <ClCompile Include="AIMLandScape.cpp">
      <Filter>05 Object\01 Component\11 LandScape</Filter>
    </ClCompile>
    <ClCompile Include="AIMArm.cpp">
      <Filter>05 Object\01 Component\12 Arm</Filter>
    </ClCompile>
    <ClCompile Include="NavigationManager.cpp">
      <Filter>06 Navigation</Filter>
    </ClCompile>
    <ClCompile Include="NavigationMesh.cpp">
      <Filter>06 Navigation\01 Mesh</Filter>
    </ClCompile>
    <ClCompile Include="AIMNavigation.cpp">
      <Filter>06 Navigation\02 NaviCom</Filter>
    </ClCompile>
    <ClCompile Include="AIMUI.cpp">
      <Filter>05 Object\01 Component\13 UI</Filter>
    </ClCompile>
    <ClCompile Include="AIMUIButton.cpp">
      <Filter>05 Object\01 Component\13 UI</Filter>
    </ClCompile>
    <ClCompile Include="FontManager.cpp">
      <Filter>04 Manager</Filter>
    </ClCompile>
    <ClCompile Include="AIMText.cpp">
      <Filter>05 Object\01 Component\14 Text</Filter>
    </ClCompile>
    <ClCompile Include="AIMSerialNumber.cpp">
      <Filter>99 Header</Filter>
    </ClCompile>
    <ClCompile Include="SoundManager.cpp">
      <Filter>04 Manager</Filter>
    </ClCompile>
    <ClCompile Include="AIMSound.cpp">
      <Filter>05 Object\01 Component\15 Sound</Filter>
    </ClCompile>
    <ClCompile Include="AIMFrustrum.cpp">
      <Filter>05 Object\01 Component\04 Camera\01 Frustrum</Filter>
    </ClCompile>
  </ItemGroup>
  <ItemGroup>
    <None Include="DirectXTex.inl">
      <Filter>99 Header</Filter>
    </None>
  </ItemGroup>
</Project>